# -------------------------------------------------------------------------- #
#
# Copyright (C) 1991-2015 Altera Corporation. All rights reserved.
# Your use of Altera Corporation's design tools, logic functions 
# and other software and tools, and its AMPP partner logic 
# functions, and any output files from any of the foregoing 
# (including device programming or simulation files), and any 
# associated documentation or information are expressly subject 
# to the terms and conditions of the Altera Program License 
# Subscription Agreement, the Altera Quartus II License Agreement,
# the Altera MegaCore Function License Agreement, or other 
# applicable license agreement, including, without limitation, 
# that your use is for the sole purpose of programming logic 
# devices manufactured by Altera and sold by Altera or its 
# authorized distributors.  Please refer to the applicable 
# agreement for further details.
#
# -------------------------------------------------------------------------- #
#
# Quartus II 64-Bit
# Version 15.0.0 Build 145 04/22/2015 SJ Web Edition
# Date created = 13:55:57  December 11, 2019
#
# -------------------------------------------------------------------------- #
#
# Notes:
#
# 1) The default values for assignments are stored in the file:
#		system_assignment_defaults.qdf
#    If this file doesn't exist, see file:
#		assignment_defaults.qdf
#
# 2) Altera recommends that you do not modify this file. This
#    file is updated automatically by the Quartus II software
#    and any changes you make may be lost or overwritten.
#
# -------------------------------------------------------------------------- #


set_global_assignment -name FAMILY "Cyclone IV E"
set_global_assignment -name DEVICE EP4CE115F29C7
set_global_assignment -name TOP_LEVEL_ENTITY system
set_global_assignment -name ORIGINAL_QUARTUS_VERSION 15.0.0
set_global_assignment -name PROJECT_CREATION_TIME_DATE "13:55:57  DECEMBER 11, 2019"
set_global_assignment -name LAST_QUARTUS_VERSION 15.0.0
set_global_assignment -name PROJECT_OUTPUT_DIRECTORY output_files
set_global_assignment -name MIN_CORE_JUNCTION_TEMP 0
set_global_assignment -name MAX_CORE_JUNCTION_TEMP 85
set_global_assignment -name ERROR_CHECK_FREQUENCY_DIVISOR 1
set_global_assignment -name NOMINAL_CORE_SUPPLY_VOLTAGE 1.2V
set_global_assignment -name EDA_SIMULATION_TOOL "ModelSim-Altera (Verilog)"
set_global_assignment -name EDA_OUTPUT_DATA_FORMAT "VERILOG HDL" -section_id eda_simulation
set_global_assignment -name VERILOG_FILE system.v
set_global_assignment -name VERILOG_FILE bcd_to_seven_seg.v
set_global_assignment -name VERILOG_FILE Binary2BCD.v
set_global_assignment -name VERILOG_FILE random.v
set_global_assignment -name VERILOG_FILE bcdAdder.v
set_global_assignment -name VERILOG_FILE fourBitAdder.v
set_global_assignment -name VERILOG_FILE bcd_to_seven_seg2.v
set_global_assignment -name VERILOG_FILE random3.v
set_global_assignment -name PARTITION_NETLIST_TYPE SOURCE -section_id Top
set_global_assignment -name PARTITION_FITTER_PRESERVATION_LEVEL PLACEMENT_AND_ROUTING -section_id Top
set_global_assignment -name PARTITION_COLOR 16764057 -section_id Top
set_global_assignment -name VERILOG_FILE random2.v
set_global_assignment -name STRATIX_DEVICE_IO_STANDARD "2.5 V"
set_location_assignment PIN_AG14 -to Clockd
set_location_assignment PIN_Y2 -to Clockv
set_location_assignment PIN_AB28 -to Presetv
set_location_assignment PIN_AC28 -to addv
set_location_assignment PIN_AC17 -to segv[6]
set_location_assignment PIN_AA15 -to segv[5]
set_location_assignment PIN_AB15 -to segv[4]
set_location_assignment PIN_AB17 -to segv[3]
set_location_assignment PIN_AA16 -to segv[2]
set_location_assignment PIN_AB16 -to segv[1]
set_location_assignment PIN_AA17 -to segv[0]
set_location_assignment PIN_AA14 -to segv2[6]
set_location_assignment PIN_AG18 -to segv2[5]
set_location_assignment PIN_AF17 -to segv2[4]
set_location_assignment PIN_AH17 -to segv2[3]
set_location_assignment PIN_AG17 -to segv2[2]
set_location_assignment PIN_AE17 -to segv2[1]
set_location_assignment PIN_AD17 -to segv2[0]
set_location_assignment PIN_AH18 -to segv3[6]
set_location_assignment PIN_AF18 -to segv3[5]
set_location_assignment PIN_AG19 -to segv3[4]
set_location_assignment PIN_AH19 -to segv3[3]
set_location_assignment PIN_AB18 -to segv3[2]
set_location_assignment PIN_AC18 -to segv3[1]
set_location_assignment PIN_AD18 -to segv3[0]
set_location_assignment PIN_AC27 -to switch
set_location_assignment PIN_AD27 -to switch3
set_global_assignment -name CDF_FILE output_files/Chain1.cdf
set_global_assignment -name CDF_FILE output_files/Chain2.cdf
set_global_assignment -name CDF_FILE output_files/Chain3.cdf
set_global_assignment -name CDF_FILE output_files/Chain4.cdf
set_global_assignment -name CDF_FILE output_files/Chain5.cdf
set_global_assignment -name CDF_FILE output_files/Chain6.cdf
set_global_assignment -name CDF_FILE output_files/Chain7.cdf
set_global_assignment -name CDF_FILE output_files/Chain8.cdf
set_global_assignment -name CDF_FILE output_files/Chain9.cdf
set_global_assignment -name CDF_FILE output_files/Chain10.cdf
set_location_assignment PIN_AB27 -to sw4
set_global_assignment -name CDF_FILE output_files/Chain11.cdf
set_global_assignment -name CDF_FILE output_files/Chain12.cdf
set_global_assignment -name CDF_FILE output_files/Chain13.cdf
set_global_assignment -name CDF_FILE output_files/Chain14.cdf
set_global_assignment -name CDF_FILE output_files/Chain15.cdf
set_global_assignment -name CDF_FILE output_files/Chain16.cdf
set_global_assignment -name CDF_FILE output_files/Chain17.cdf
set_global_assignment -name CDF_FILE output_files/Chain18.cdf
set_global_assignment -name VERILOG_FILE "C:/Users/khant5/Desktop/Random test 7/bcdAdder2.v"
set_global_assignment -name CDF_FILE "C:/Users/khant5/Desktop/Random test 7/Chain19.cdf"
set_global_assignment -name CDF_FILE output_files/Chain20.cdf
set_global_assignment -name CDF_FILE output_files/Chain21.cdf
set_global_assignment -name CDF_FILE output_files/Chain22.cdf
set_global_assignment -name CDF_FILE output_files/Chain24.cdf
set_global_assignment -name CDF_FILE output_files/Chain25.cdf
set_global_assignment -name CDF_FILE output_files/Chain26.cdf
set_global_assignment -name CDF_FILE output_files/Chain27.cdf
set_global_assignment -name CDF_FILE output_files/Chain28.cdf
set_global_assignment -name CDF_FILE output_files/Chain29.cdf
set_instance_assignment -name PARTITION_HIERARCHY root_partition -to | -section_id Top